{
  "nodes": {
    "nixpkgs": {
      "locked": {
        "lastModified": 1627148163,
        "narHash": "sha256-3FXDUlHtdRW9ajQ4NqcfZHx6IYnxQluhB+06pxE4m1k=",
        "owner": "NixOS",
        "repo": "nixpkgs",
        "rev": "9aec01027f7ea2bca07bb51d5ed83e78088871c1",
        "type": "github"
      },
      "original": {
        "owner": "NixOS",
        "ref": "nixpkgs-unstable",
        "repo": "nixpkgs",
        "type": "github"
      }
    },
    "root": {
      "inputs": {
        "nixpkgs": "nixpkgs"
      }
    }
  },
  "root": "root",
  "version": 7
}
