{
  "nodes": {
    "api": {
      "inputs": {
        "devshell": [
          "devshell"
        ],
        "flake-utils": [
          "flake-utils"
        ],
        "nixpkgs": [
          "nixpkgs"
        ]
      },
      "locked": {
        "lastModified": 1655829579,
        "narHash": "sha256-vYcfo1Op1bzw7WnB7AlYEbm+hsOWKQhMGzQSGT9n5rk=",
        "owner": "accentor",
        "repo": "api",
        "rev": "4722a2d08b3da1b5f4b39017786d6f3c242da497",
        "type": "github"
      },
      "original": {
        "owner": "accentor",
        "ref": "v0.17.3",
        "repo": "api",
        "type": "github"
      }
    },
    "devshell": {
      "inputs": {
        "flake-utils": [
          "flake-utils"
        ],
        "nixpkgs": [
          "nixpkgs"
        ]
      },
      "locked": {
        "lastModified": 1655976588,
        "narHash": "sha256-VreHyH6ITkf/1EX/8h15UqhddJnUleb0HgbC3gMkAEQ=",
        "owner": "numtide",
        "repo": "devshell",
        "rev": "899ca4629020592a13a46783587f6e674179d1db",
        "type": "github"
      },
      "original": {
        "owner": "numtide",
        "repo": "devshell",
        "type": "github"
      }
    },
    "flake-utils": {
      "locked": {
        "lastModified": 1656065134,
        "narHash": "sha256-oc6E6ByIw3oJaIyc67maaFcnjYOz1mMcOtHxbEf9NwQ=",
        "owner": "numtide",
        "repo": "flake-utils",
        "rev": "bee6a7250dd1b01844a2de7e02e4df7d8a0a206c",
        "type": "github"
      },
      "original": {
        "owner": "numtide",
        "repo": "flake-utils",
        "type": "github"
      }
    },
    "nixpkgs": {
      "locked": {
        "lastModified": 1656150502,
        "narHash": "sha256-Kd9xEjb8XS+hkI16tL9eArggCOoAnv1KCpaLIj6AaZc=",
        "owner": "NixOS",
        "repo": "nixpkgs",
        "rev": "66e8dceabcd021ed8d96b578eb4a3696ca8dd0f2",
        "type": "github"
      },
      "original": {
        "owner": "NixOS",
        "ref": "nixos-unstable",
        "repo": "nixpkgs",
        "type": "github"
      }
    },
    "root": {
      "inputs": {
        "api": "api",
        "devshell": "devshell",
        "flake-utils": "flake-utils",
        "nixpkgs": "nixpkgs",
        "web": "web"
      }
    },
    "web": {
      "inputs": {
        "devshell": [
          "devshell"
        ],
        "flake-utils": [
          "flake-utils"
        ],
        "nixpkgs": [
          "nixpkgs"
        ]
      },
      "locked": {
        "lastModified": 1651315771,
        "narHash": "sha256-sgO9Ps9uKjMmEZ2wk6nO2+rEA7QN/ToOiUPQO2Bitcc=",
        "owner": "accentor",
        "repo": "web",
        "rev": "8d573abed88681a6b098fe0339aa06f2aeea074b",
        "type": "github"
      },
      "original": {
        "owner": "accentor",
        "ref": "v0.30.1",
        "repo": "web",
        "type": "github"
      }
    }
  },
  "root": "root",
  "version": 7
}
